
Microsoft Visual Studio Solution File, Format Version 12.00
# Visual Studio Version 17
VisualStudioVersion = 17.11.35327.3
MinimumVisualStudioVersion = 10.0.40219.1
Project("{151D2E53-A2C4-4D7D-83FE-D05416EBD58E}") = "AzureResourceGroup1", "AzureResourceGroup1\AzureResourceGroup1.deployproj", "{D95227F9-CBC3-4426-998D-2EDD46D7CDC4}"
EndProject
Global
	GlobalSection(SolutionConfigurationPlatforms) = preSolution
		Debug|Any CPU = Debug|Any CPU
		Release|Any CPU = Release|Any CPU
	EndGlobalSection
	GlobalSection(ProjectConfigurationPlatforms) = postSolution
		{D95227F9-CBC3-4426-998D-2EDD46D7CDC4}.Debug|Any CPU.ActiveCfg = Debug|Any CPU
		{D95227F9-CBC3-4426-998D-2EDD46D7CDC4}.Debug|Any CPU.Build.0 = Debug|Any CPU
		{D95227F9-CBC3-4426-998D-2EDD46D7CDC4}.Release|Any CPU.ActiveCfg = Release|Any CPU
		{D95227F9-CBC3-4426-998D-2EDD46D7CDC4}.Release|Any CPU.Build.0 = Release|Any CPU
	EndGlobalSection
	GlobalSection(SolutionProperties) = preSolution
		HideSolutionNode = FALSE
	EndGlobalSection
	GlobalSection(ExtensibilityGlobals) = postSolution
		SolutionGuid = {AA1FE820-1CEF-45C9-95CD-0E5296CB8B39}
	EndGlobalSection
EndGlobal
